
Microsoft Visual Studio Solution File, Format Version 12.00
# Visual Studio Version 17
VisualStudioVersion = 17.9.34723.18
MinimumVisualStudioVersion = 15.0.26124.0
Project("{9A19103F-16F7-4668-BE54-9A1E7A4F7556}") = "application", "Api.Application\application.csproj", "{2FC0EF36-5738-4064-8C8E-C5F6DD751CCE}"
EndProject
Project("{9A19103F-16F7-4668-BE54-9A1E7A4F7556}") = "Domain", "Api.Domain\Domain.csproj", "{8837FEFB-16E4-4A41-9C5D-B77B8353B0E0}"
EndProject
Project("{9A19103F-16F7-4668-BE54-9A1E7A4F7556}") = "CrossCutting", "Api.CrossCutting\CrossCutting.csproj", "{A77E35EC-2F3E-4048-BC79-BDF0F50DA111}"
EndProject
Project("{9A19103F-16F7-4668-BE54-9A1E7A4F7556}") = "Data", "Api.Data\Data.csproj", "{D60D85F8-3F1E-436C-9C2F-92C4F43FFA3F}"
EndProject
Project("{9A19103F-16F7-4668-BE54-9A1E7A4F7556}") = "Service", "Api.Service\Service.csproj", "{7B0D4BEC-D83B-40F4-8AFB-DA0D53539F51}"
EndProject
Project("{9A19103F-16F7-4668-BE54-9A1E7A4F7556}") = "Api.Data.Test", "Api.Data.Test\Api.Data.Test.csproj", "{384946FE-B3C5-4397-9568-476AE267A690}"
EndProject
Project("{9A19103F-16F7-4668-BE54-9A1E7A4F7556}") = "Api.Service.Test", "Api.Service.Test\Api.Service.Test.csproj", "{745A07BF-1EC9-4262-9C57-DB198B3E597B}"
EndProject
Project("{E53339B2-1760-4266-BCC7-CA923CBCF16C}") = "docker-compose", "docker-compose.dcproj", "{F9696635-9317-4CBC-A4EE-FF993FA3363C}"
EndProject
Global
	GlobalSection(SolutionConfigurationPlatforms) = preSolution
		Debug|Any CPU = Debug|Any CPU
		Debug|x64 = Debug|x64
		Debug|x86 = Debug|x86
		Release|Any CPU = Release|Any CPU
		Release|x64 = Release|x64
		Release|x86 = Release|x86
	EndGlobalSection
	GlobalSection(ProjectConfigurationPlatforms) = postSolution
		{2FC0EF36-5738-4064-8C8E-C5F6DD751CCE}.Debug|Any CPU.ActiveCfg = Debug|Any CPU
		{2FC0EF36-5738-4064-8C8E-C5F6DD751CCE}.Debug|Any CPU.Build.0 = Debug|Any CPU
		{2FC0EF36-5738-4064-8C8E-C5F6DD751CCE}.Debug|x64.ActiveCfg = Debug|Any CPU
		{2FC0EF36-5738-4064-8C8E-C5F6DD751CCE}.Debug|x64.Build.0 = Debug|Any CPU
		{2FC0EF36-5738-4064-8C8E-C5F6DD751CCE}.Debug|x86.ActiveCfg = Debug|Any CPU
		{2FC0EF36-5738-4064-8C8E-C5F6DD751CCE}.Debug|x86.Build.0 = Debug|Any CPU
		{2FC0EF36-5738-4064-8C8E-C5F6DD751CCE}.Release|Any CPU.ActiveCfg = Release|Any CPU
		{2FC0EF36-5738-4064-8C8E-C5F6DD751CCE}.Release|Any CPU.Build.0 = Release|Any CPU
		{2FC0EF36-5738-4064-8C8E-C5F6DD751CCE}.Release|x64.ActiveCfg = Release|Any CPU
		{2FC0EF36-5738-4064-8C8E-C5F6DD751CCE}.Release|x64.Build.0 = Release|Any CPU
		{2FC0EF36-5738-4064-8C8E-C5F6DD751CCE}.Release|x86.ActiveCfg = Release|Any CPU
		{2FC0EF36-5738-4064-8C8E-C5F6DD751CCE}.Release|x86.Build.0 = Release|Any CPU
		{8837FEFB-16E4-4A41-9C5D-B77B8353B0E0}.Debug|Any CPU.ActiveCfg = Debug|Any CPU
		{8837FEFB-16E4-4A41-9C5D-B77B8353B0E0}.Debug|Any CPU.Build.0 = Debug|Any CPU
		{8837FEFB-16E4-4A41-9C5D-B77B8353B0E0}.Debug|x64.ActiveCfg = Debug|Any CPU
		{8837FEFB-16E4-4A41-9C5D-B77B8353B0E0}.Debug|x64.Build.0 = Debug|Any CPU
		{8837FEFB-16E4-4A41-9C5D-B77B8353B0E0}.Debug|x86.ActiveCfg = Debug|Any CPU
		{8837FEFB-16E4-4A41-9C5D-B77B8353B0E0}.Debug|x86.Build.0 = Debug|Any CPU
		{8837FEFB-16E4-4A41-9C5D-B77B8353B0E0}.Release|Any CPU.ActiveCfg = Release|Any CPU
		{8837FEFB-16E4-4A41-9C5D-B77B8353B0E0}.Release|Any CPU.Build.0 = Release|Any CPU
		{8837FEFB-16E4-4A41-9C5D-B77B8353B0E0}.Release|x64.ActiveCfg = Release|Any CPU
		{8837FEFB-16E4-4A41-9C5D-B77B8353B0E0}.Release|x64.Build.0 = Release|Any CPU
		{8837FEFB-16E4-4A41-9C5D-B77B8353B0E0}.Release|x86.ActiveCfg = Release|Any CPU
		{8837FEFB-16E4-4A41-9C5D-B77B8353B0E0}.Release|x86.Build.0 = Release|Any CPU
		{A77E35EC-2F3E-4048-BC79-BDF0F50DA111}.Debug|Any CPU.ActiveCfg = Debug|Any CPU
		{A77E35EC-2F3E-4048-BC79-BDF0F50DA111}.Debug|Any CPU.Build.0 = Debug|Any CPU
		{A77E35EC-2F3E-4048-BC79-BDF0F50DA111}.Debug|x64.ActiveCfg = Debug|Any CPU
		{A77E35EC-2F3E-4048-BC79-BDF0F50DA111}.Debug|x64.Build.0 = Debug|Any CPU
		{A77E35EC-2F3E-4048-BC79-BDF0F50DA111}.Debug|x86.ActiveCfg = Debug|Any CPU
		{A77E35EC-2F3E-4048-BC79-BDF0F50DA111}.Debug|x86.Build.0 = Debug|Any CPU
		{A77E35EC-2F3E-4048-BC79-BDF0F50DA111}.Release|Any CPU.ActiveCfg = Release|Any CPU
		{A77E35EC-2F3E-4048-BC79-BDF0F50DA111}.Release|Any CPU.Build.0 = Release|Any CPU
		{A77E35EC-2F3E-4048-BC79-BDF0F50DA111}.Release|x64.ActiveCfg = Release|Any CPU
		{A77E35EC-2F3E-4048-BC79-BDF0F50DA111}.Release|x64.Build.0 = Release|Any CPU
		{A77E35EC-2F3E-4048-BC79-BDF0F50DA111}.Release|x86.ActiveCfg = Release|Any CPU
		{A77E35EC-2F3E-4048-BC79-BDF0F50DA111}.Release|x86.Build.0 = Release|Any CPU
		{D60D85F8-3F1E-436C-9C2F-92C4F43FFA3F}.Debug|Any CPU.ActiveCfg = Debug|Any CPU
		{D60D85F8-3F1E-436C-9C2F-92C4F43FFA3F}.Debug|Any CPU.Build.0 = Debug|Any CPU
		{D60D85F8-3F1E-436C-9C2F-92C4F43FFA3F}.Debug|x64.ActiveCfg = Debug|Any CPU
		{D60D85F8-3F1E-436C-9C2F-92C4F43FFA3F}.Debug|x64.Build.0 = Debug|Any CPU
		{D60D85F8-3F1E-436C-9C2F-92C4F43FFA3F}.Debug|x86.ActiveCfg = Debug|Any CPU
		{D60D85F8-3F1E-436C-9C2F-92C4F43FFA3F}.Debug|x86.Build.0 = Debug|Any CPU
		{D60D85F8-3F1E-436C-9C2F-92C4F43FFA3F}.Release|Any CPU.ActiveCfg = Release|Any CPU
		{D60D85F8-3F1E-436C-9C2F-92C4F43FFA3F}.Release|Any CPU.Build.0 = Release|Any CPU
		{D60D85F8-3F1E-436C-9C2F-92C4F43FFA3F}.Release|x64.ActiveCfg = Release|Any CPU
		{D60D85F8-3F1E-436C-9C2F-92C4F43FFA3F}.Release|x64.Build.0 = Release|Any CPU
		{D60D85F8-3F1E-436C-9C2F-92C4F43FFA3F}.Release|x86.ActiveCfg = Release|Any CPU
		{D60D85F8-3F1E-436C-9C2F-92C4F43FFA3F}.Release|x86.Build.0 = Release|Any CPU
		{7B0D4BEC-D83B-40F4-8AFB-DA0D53539F51}.Debug|Any CPU.ActiveCfg = Debug|Any CPU
		{7B0D4BEC-D83B-40F4-8AFB-DA0D53539F51}.Debug|Any CPU.Build.0 = Debug|Any CPU
		{7B0D4BEC-D83B-40F4-8AFB-DA0D53539F51}.Debug|x64.ActiveCfg = Debug|Any CPU
		{7B0D4BEC-D83B-40F4-8AFB-DA0D53539F51}.Debug|x64.Build.0 = Debug|Any CPU
		{7B0D4BEC-D83B-40F4-8AFB-DA0D53539F51}.Debug|x86.ActiveCfg = Debug|Any CPU
		{7B0D4BEC-D83B-40F4-8AFB-DA0D53539F51}.Debug|x86.Build.0 = Debug|Any CPU
		{7B0D4BEC-D83B-40F4-8AFB-DA0D53539F51}.Release|Any CPU.ActiveCfg = Release|Any CPU
		{7B0D4BEC-D83B-40F4-8AFB-DA0D53539F51}.Release|Any CPU.Build.0 = Release|Any CPU
		{7B0D4BEC-D83B-40F4-8AFB-DA0D53539F51}.Release|x64.ActiveCfg = Release|Any CPU
		{7B0D4BEC-D83B-40F4-8AFB-DA0D53539F51}.Release|x64.Build.0 = Release|Any CPU
		{7B0D4BEC-D83B-40F4-8AFB-DA0D53539F51}.Release|x86.ActiveCfg = Release|Any CPU
		{7B0D4BEC-D83B-40F4-8AFB-DA0D53539F51}.Release|x86.Build.0 = Release|Any CPU
		{384946FE-B3C5-4397-9568-476AE267A690}.Debug|Any CPU.ActiveCfg = Debug|Any CPU
		{384946FE-B3C5-4397-9568-476AE267A690}.Debug|Any CPU.Build.0 = Debug|Any CPU
		{384946FE-B3C5-4397-9568-476AE267A690}.Debug|x64.ActiveCfg = Debug|Any CPU
		{384946FE-B3C5-4397-9568-476AE267A690}.Debug|x64.Build.0 = Debug|Any CPU
		{384946FE-B3C5-4397-9568-476AE267A690}.Debug|x86.ActiveCfg = Debug|Any CPU
		{384946FE-B3C5-4397-9568-476AE267A690}.Debug|x86.Build.0 = Debug|Any CPU
		{384946FE-B3C5-4397-9568-476AE267A690}.Release|Any CPU.ActiveCfg = Release|Any CPU
		{384946FE-B3C5-4397-9568-476AE267A690}.Release|Any CPU.Build.0 = Release|Any CPU
		{384946FE-B3C5-4397-9568-476AE267A690}.Release|x64.ActiveCfg = Release|Any CPU
		{384946FE-B3C5-4397-9568-476AE267A690}.Release|x64.Build.0 = Release|Any CPU
		{384946FE-B3C5-4397-9568-476AE267A690}.Release|x86.ActiveCfg = Release|Any CPU
		{384946FE-B3C5-4397-9568-476AE267A690}.Release|x86.Build.0 = Release|Any CPU
		{745A07BF-1EC9-4262-9C57-DB198B3E597B}.Debug|Any CPU.ActiveCfg = Debug|Any CPU
		{745A07BF-1EC9-4262-9C57-DB198B3E597B}.Debug|Any CPU.Build.0 = Debug|Any CPU
		{745A07BF-1EC9-4262-9C57-DB198B3E597B}.Debug|x64.ActiveCfg = Debug|Any CPU
		{745A07BF-1EC9-4262-9C57-DB198B3E597B}.Debug|x64.Build.0 = Debug|Any CPU
		{745A07BF-1EC9-4262-9C57-DB198B3E597B}.Debug|x86.ActiveCfg = Debug|Any CPU
		{745A07BF-1EC9-4262-9C57-DB198B3E597B}.Debug|x86.Build.0 = Debug|Any CPU
		{745A07BF-1EC9-4262-9C57-DB198B3E597B}.Release|Any CPU.ActiveCfg = Release|Any CPU
		{745A07BF-1EC9-4262-9C57-DB198B3E597B}.Release|Any CPU.Build.0 = Release|Any CPU
		{745A07BF-1EC9-4262-9C57-DB198B3E597B}.Release|x64.ActiveCfg = Release|Any CPU
		{745A07BF-1EC9-4262-9C57-DB198B3E597B}.Release|x64.Build.0 = Release|Any CPU
		{745A07BF-1EC9-4262-9C57-DB198B3E597B}.Release|x86.ActiveCfg = Release|Any CPU
		{745A07BF-1EC9-4262-9C57-DB198B3E597B}.Release|x86.Build.0 = Release|Any CPU
		{F9696635-9317-4CBC-A4EE-FF993FA3363C}.Debug|Any CPU.ActiveCfg = Debug|Any CPU
		{F9696635-9317-4CBC-A4EE-FF993FA3363C}.Debug|Any CPU.Build.0 = Debug|Any CPU
		{F9696635-9317-4CBC-A4EE-FF993FA3363C}.Debug|x64.ActiveCfg = Debug|Any CPU
		{F9696635-9317-4CBC-A4EE-FF993FA3363C}.Debug|x64.Build.0 = Debug|Any CPU
		{F9696635-9317-4CBC-A4EE-FF993FA3363C}.Debug|x86.ActiveCfg = Debug|Any CPU
		{F9696635-9317-4CBC-A4EE-FF993FA3363C}.Debug|x86.Build.0 = Debug|Any CPU
		{F9696635-9317-4CBC-A4EE-FF993FA3363C}.Release|Any CPU.ActiveCfg = Release|Any CPU
		{F9696635-9317-4CBC-A4EE-FF993FA3363C}.Release|Any CPU.Build.0 = Release|Any CPU
		{F9696635-9317-4CBC-A4EE-FF993FA3363C}.Release|x64.ActiveCfg = Release|Any CPU
		{F9696635-9317-4CBC-A4EE-FF993FA3363C}.Release|x64.Build.0 = Release|Any CPU
		{F9696635-9317-4CBC-A4EE-FF993FA3363C}.Release|x86.ActiveCfg = Release|Any CPU
		{F9696635-9317-4CBC-A4EE-FF993FA3363C}.Release|x86.Build.0 = Release|Any CPU
	EndGlobalSection
	GlobalSection(SolutionProperties) = preSolution
		HideSolutionNode = FALSE
	EndGlobalSection
EndGlobal
